
Microsoft Visual Studio Solution File, Format Version 12.00
# Visual Studio Version 17
VisualStudioVersion = 17.4.33213.308
MinimumVisualStudioVersion = 10.0.40219.1
Project("{FAE04EC0-301F-11D3-BF4B-00C04F79EFBC}") = "AoC2023-1", "AoC2023-1\AoC2023-1.csproj", "{3BEEF6D9-49D0-49F6-B713-25A0DCAB19AB}"
EndProject
Global
	GlobalSection(SolutionConfigurationPlatforms) = preSolution
		Debug|Any CPU = Debug|Any CPU
		Release|Any CPU = Release|Any CPU
	EndGlobalSection
	GlobalSection(ProjectConfigurationPlatforms) = postSolution
		{3BEEF6D9-49D0-49F6-B713-25A0DCAB19AB}.Debug|Any CPU.ActiveCfg = Debug|Any CPU
		{3BEEF6D9-49D0-49F6-B713-25A0DCAB19AB}.Debug|Any CPU.Build.0 = Debug|Any CPU
		{3BEEF6D9-49D0-49F6-B713-25A0DCAB19AB}.Release|Any CPU.ActiveCfg = Release|Any CPU
		{3BEEF6D9-49D0-49F6-B713-25A0DCAB19AB}.Release|Any CPU.Build.0 = Release|Any CPU
	EndGlobalSection
	GlobalSection(SolutionProperties) = preSolution
		HideSolutionNode = FALSE
	EndGlobalSection
	GlobalSection(ExtensibilityGlobals) = postSolution
		SolutionGuid = {D1C4BF8B-F85D-40A2-BFB7-B97AE926B247}
	EndGlobalSection
EndGlobal
